
Microsoft Visual Studio Solution File, Format Version 12.00
# Visual Studio Version 17
VisualStudioVersion = 17.14.36202.13
MinimumVisualStudioVersion = 10.0.40219.1
Project("{2150E333-8FDC-42A3-9474-1A3956D46DE8}") = "API", "API", "{02EA681E-C7D8-13C7-8484-4AC65E1B71E8}"
EndProject
Project("{2150E333-8FDC-42A3-9474-1A3956D46DE8}") = "Microservices", "Microservices", "{7CA8911D-2743-4160-8BBC-DFBAD3099D93}"
EndProject
Project("{2150E333-8FDC-42A3-9474-1A3956D46DE8}") = "Tests", "Tests", "{1B640A10-E016-4B05-84E7-F398611DAD73}"
EndProject
Project("{FAE04EC0-301F-11D3-BF4B-00C04F79EFBC}") = "MotoHub.Tests", "Tests\MotoHub.Tests\MotoHub.Tests.csproj", "{B49F5C3B-4287-BBFD-BD35-BE5EE74D2998}"
EndProject
Project("{FAE04EC0-301F-11D3-BF4B-00C04F79EFBC}") = "MotoHub.API", "API\MotoHub.API\MotoHub.API.csproj", "{953394B1-DD2E-EF4C-FDD9-74E1B62915AC}"
EndProject
Project("{FAE04EC0-301F-11D3-BF4B-00C04F79EFBC}") = "MotoHub.Application", "API\MotoHub.Application\MotoHub.Application.csproj", "{24A08273-4B24-CA5F-30BB-2EA6BF810E46}"
EndProject
Project("{FAE04EC0-301F-11D3-BF4B-00C04F79EFBC}") = "MotoHub.Domain", "API\MotoHub.Domain\MotoHub.Domain.csproj", "{953B548A-C735-CB10-9237-57FBCF7BB560}"
EndProject
Project("{FAE04EC0-301F-11D3-BF4B-00C04F79EFBC}") = "MotoHub.Infrastructure", "API\MotoHub.Infrastructure\MotoHub.Infrastructure.csproj", "{8DF509D9-8CE5-2048-0624-1D1B690C824B}"
EndProject
Global
	GlobalSection(SolutionConfigurationPlatforms) = preSolution
		Debug|Any CPU = Debug|Any CPU
		Release|Any CPU = Release|Any CPU
	EndGlobalSection
	GlobalSection(ProjectConfigurationPlatforms) = postSolution
		{B49F5C3B-4287-BBFD-BD35-BE5EE74D2998}.Debug|Any CPU.ActiveCfg = Debug|Any CPU
		{B49F5C3B-4287-BBFD-BD35-BE5EE74D2998}.Debug|Any CPU.Build.0 = Debug|Any CPU
		{B49F5C3B-4287-BBFD-BD35-BE5EE74D2998}.Release|Any CPU.ActiveCfg = Release|Any CPU
		{B49F5C3B-4287-BBFD-BD35-BE5EE74D2998}.Release|Any CPU.Build.0 = Release|Any CPU
		{953394B1-DD2E-EF4C-FDD9-74E1B62915AC}.Debug|Any CPU.ActiveCfg = Debug|Any CPU
		{953394B1-DD2E-EF4C-FDD9-74E1B62915AC}.Debug|Any CPU.Build.0 = Debug|Any CPU
		{953394B1-DD2E-EF4C-FDD9-74E1B62915AC}.Release|Any CPU.ActiveCfg = Release|Any CPU
		{953394B1-DD2E-EF4C-FDD9-74E1B62915AC}.Release|Any CPU.Build.0 = Release|Any CPU
		{24A08273-4B24-CA5F-30BB-2EA6BF810E46}.Debug|Any CPU.ActiveCfg = Debug|Any CPU
		{24A08273-4B24-CA5F-30BB-2EA6BF810E46}.Debug|Any CPU.Build.0 = Debug|Any CPU
		{24A08273-4B24-CA5F-30BB-2EA6BF810E46}.Release|Any CPU.ActiveCfg = Release|Any CPU
		{24A08273-4B24-CA5F-30BB-2EA6BF810E46}.Release|Any CPU.Build.0 = Release|Any CPU
		{953B548A-C735-CB10-9237-57FBCF7BB560}.Debug|Any CPU.ActiveCfg = Debug|Any CPU
		{953B548A-C735-CB10-9237-57FBCF7BB560}.Debug|Any CPU.Build.0 = Debug|Any CPU
		{953B548A-C735-CB10-9237-57FBCF7BB560}.Release|Any CPU.ActiveCfg = Release|Any CPU
		{953B548A-C735-CB10-9237-57FBCF7BB560}.Release|Any CPU.Build.0 = Release|Any CPU
		{8DF509D9-8CE5-2048-0624-1D1B690C824B}.Debug|Any CPU.ActiveCfg = Debug|Any CPU
		{8DF509D9-8CE5-2048-0624-1D1B690C824B}.Debug|Any CPU.Build.0 = Debug|Any CPU
		{8DF509D9-8CE5-2048-0624-1D1B690C824B}.Release|Any CPU.ActiveCfg = Release|Any CPU
		{8DF509D9-8CE5-2048-0624-1D1B690C824B}.Release|Any CPU.Build.0 = Release|Any CPU
	EndGlobalSection
	GlobalSection(SolutionProperties) = preSolution
		HideSolutionNode = FALSE
	EndGlobalSection
	GlobalSection(NestedProjects) = preSolution
		{B49F5C3B-4287-BBFD-BD35-BE5EE74D2998} = {1B640A10-E016-4B05-84E7-F398611DAD73}
		{953394B1-DD2E-EF4C-FDD9-74E1B62915AC} = {02EA681E-C7D8-13C7-8484-4AC65E1B71E8}
		{24A08273-4B24-CA5F-30BB-2EA6BF810E46} = {02EA681E-C7D8-13C7-8484-4AC65E1B71E8}
		{953B548A-C735-CB10-9237-57FBCF7BB560} = {02EA681E-C7D8-13C7-8484-4AC65E1B71E8}
		{8DF509D9-8CE5-2048-0624-1D1B690C824B} = {02EA681E-C7D8-13C7-8484-4AC65E1B71E8}
	EndGlobalSection
	GlobalSection(ExtensibilityGlobals) = postSolution
		SolutionGuid = {A787D6A8-F3D3-4A18-A486-E0A48D87A7C3}
	EndGlobalSection
EndGlobal
